
Microsoft Visual Studio Solution File, Format Version 12.00
# Visual Studio Version 17
VisualStudioVersion = 17.0.31903.59
MinimumVisualStudioVersion = 10.0.40219.1
Project("{FAE04EC0-301F-11D3-BF4B-00C04F79EFBC}") = "IdentityService", "IdentityService\IdentityService.csproj", "{94A0947D-1629-409B-A8EB-CA5CCC641782}"
EndProject
Project("{FAE04EC0-301F-11D3-BF4B-00C04F79EFBC}") = "NotificationService", "NotificationService\NotificationService.csproj", "{A9FD9B7E-82CA-43CB-8F82-6B1BEADF31ED}"
EndProject
Project("{FAE04EC0-301F-11D3-BF4B-00C04F79EFBC}") = "SharedKernel", "SharedKernel\SharedKernel.csproj", "{876D4CBA-7B36-4326-8C87-F2351FFE2823}"
EndProject
Project("{FAE04EC0-301F-11D3-BF4B-00C04F79EFBC}") = "BuildingBlocks", "BuildingBlocks\BuildingBlocks.csproj", "{4B41256F-6A48-42D1-B427-927279CC1932}"
EndProject
Global
	GlobalSection(SolutionConfigurationPlatforms) = preSolution
		Debug|Any CPU = Debug|Any CPU
		Debug|x64 = Debug|x64
		Debug|x86 = Debug|x86
		Release|Any CPU = Release|Any CPU
		Release|x64 = Release|x64
		Release|x86 = Release|x86
	EndGlobalSection
	GlobalSection(ProjectConfigurationPlatforms) = postSolution
		{94A0947D-1629-409B-A8EB-CA5CCC641782}.Debug|Any CPU.ActiveCfg = Debug|Any CPU
		{94A0947D-1629-409B-A8EB-CA5CCC641782}.Debug|Any CPU.Build.0 = Debug|Any CPU
		{94A0947D-1629-409B-A8EB-CA5CCC641782}.Debug|x64.ActiveCfg = Debug|Any CPU
		{94A0947D-1629-409B-A8EB-CA5CCC641782}.Debug|x64.Build.0 = Debug|Any CPU
		{94A0947D-1629-409B-A8EB-CA5CCC641782}.Debug|x86.ActiveCfg = Debug|Any CPU
		{94A0947D-1629-409B-A8EB-CA5CCC641782}.Debug|x86.Build.0 = Debug|Any CPU
		{94A0947D-1629-409B-A8EB-CA5CCC641782}.Release|Any CPU.ActiveCfg = Release|Any CPU
		{94A0947D-1629-409B-A8EB-CA5CCC641782}.Release|Any CPU.Build.0 = Release|Any CPU
		{94A0947D-1629-409B-A8EB-CA5CCC641782}.Release|x64.ActiveCfg = Release|Any CPU
		{94A0947D-1629-409B-A8EB-CA5CCC641782}.Release|x64.Build.0 = Release|Any CPU
		{94A0947D-1629-409B-A8EB-CA5CCC641782}.Release|x86.ActiveCfg = Release|Any CPU
		{94A0947D-1629-409B-A8EB-CA5CCC641782}.Release|x86.Build.0 = Release|Any CPU
		{A9FD9B7E-82CA-43CB-8F82-6B1BEADF31ED}.Debug|Any CPU.ActiveCfg = Debug|Any CPU
		{A9FD9B7E-82CA-43CB-8F82-6B1BEADF31ED}.Debug|Any CPU.Build.0 = Debug|Any CPU
		{A9FD9B7E-82CA-43CB-8F82-6B1BEADF31ED}.Debug|x64.ActiveCfg = Debug|Any CPU
		{A9FD9B7E-82CA-43CB-8F82-6B1BEADF31ED}.Debug|x64.Build.0 = Debug|Any CPU
		{A9FD9B7E-82CA-43CB-8F82-6B1BEADF31ED}.Debug|x86.ActiveCfg = Debug|Any CPU
		{A9FD9B7E-82CA-43CB-8F82-6B1BEADF31ED}.Debug|x86.Build.0 = Debug|Any CPU
		{A9FD9B7E-82CA-43CB-8F82-6B1BEADF31ED}.Release|Any CPU.ActiveCfg = Release|Any CPU
		{A9FD9B7E-82CA-43CB-8F82-6B1BEADF31ED}.Release|Any CPU.Build.0 = Release|Any CPU
		{A9FD9B7E-82CA-43CB-8F82-6B1BEADF31ED}.Release|x64.ActiveCfg = Release|Any CPU
		{A9FD9B7E-82CA-43CB-8F82-6B1BEADF31ED}.Release|x64.Build.0 = Release|Any CPU
		{A9FD9B7E-82CA-43CB-8F82-6B1BEADF31ED}.Release|x86.ActiveCfg = Release|Any CPU
		{A9FD9B7E-82CA-43CB-8F82-6B1BEADF31ED}.Release|x86.Build.0 = Release|Any CPU
		{876D4CBA-7B36-4326-8C87-F2351FFE2823}.Debug|Any CPU.ActiveCfg = Debug|Any CPU
		{876D4CBA-7B36-4326-8C87-F2351FFE2823}.Debug|Any CPU.Build.0 = Debug|Any CPU
		{876D4CBA-7B36-4326-8C87-F2351FFE2823}.Debug|x64.ActiveCfg = Debug|Any CPU
		{876D4CBA-7B36-4326-8C87-F2351FFE2823}.Debug|x64.Build.0 = Debug|Any CPU
		{876D4CBA-7B36-4326-8C87-F2351FFE2823}.Debug|x86.ActiveCfg = Debug|Any CPU
		{876D4CBA-7B36-4326-8C87-F2351FFE2823}.Debug|x86.Build.0 = Debug|Any CPU
		{876D4CBA-7B36-4326-8C87-F2351FFE2823}.Release|Any CPU.ActiveCfg = Release|Any CPU
		{876D4CBA-7B36-4326-8C87-F2351FFE2823}.Release|Any CPU.Build.0 = Release|Any CPU
		{876D4CBA-7B36-4326-8C87-F2351FFE2823}.Release|x64.ActiveCfg = Release|Any CPU
		{876D4CBA-7B36-4326-8C87-F2351FFE2823}.Release|x64.Build.0 = Release|Any CPU
		{876D4CBA-7B36-4326-8C87-F2351FFE2823}.Release|x86.ActiveCfg = Release|Any CPU
		{876D4CBA-7B36-4326-8C87-F2351FFE2823}.Release|x86.Build.0 = Release|Any CPU
		{4B41256F-6A48-42D1-B427-927279CC1932}.Debug|Any CPU.ActiveCfg = Debug|Any CPU
		{4B41256F-6A48-42D1-B427-927279CC1932}.Debug|Any CPU.Build.0 = Debug|Any CPU
		{4B41256F-6A48-42D1-B427-927279CC1932}.Debug|x64.ActiveCfg = Debug|Any CPU
		{4B41256F-6A48-42D1-B427-927279CC1932}.Debug|x64.Build.0 = Debug|Any CPU
		{4B41256F-6A48-42D1-B427-927279CC1932}.Debug|x86.ActiveCfg = Debug|Any CPU
		{4B41256F-6A48-42D1-B427-927279CC1932}.Debug|x86.Build.0 = Debug|Any CPU
		{4B41256F-6A48-42D1-B427-927279CC1932}.Release|Any CPU.ActiveCfg = Release|Any CPU
		{4B41256F-6A48-42D1-B427-927279CC1932}.Release|Any CPU.Build.0 = Release|Any CPU
		{4B41256F-6A48-42D1-B427-927279CC1932}.Release|x64.ActiveCfg = Release|Any CPU
		{4B41256F-6A48-42D1-B427-927279CC1932}.Release|x64.Build.0 = Release|Any CPU
		{4B41256F-6A48-42D1-B427-927279CC1932}.Release|x86.ActiveCfg = Release|Any CPU
		{4B41256F-6A48-42D1-B427-927279CC1932}.Release|x86.Build.0 = Release|Any CPU
	EndGlobalSection
	GlobalSection(SolutionProperties) = preSolution
		HideSolutionNode = FALSE
	EndGlobalSection
EndGlobal
