
Microsoft Visual Studio Solution File, Format Version 12.00
# Visual Studio Version 17
VisualStudioVersion = 17.0.31903.59
MinimumVisualStudioVersion = 10.0.40219.1
Project("{FAE04EC0-301F-11D3-BF4B-00C04F79EFBC}") = "SharedKernel", "SharedKernel\SharedKernel.csproj", "{876D4CBA-7B36-4326-8C87-F2351FFE2823}"
EndProject
Project("{FAE04EC0-301F-11D3-BF4B-00C04F79EFBC}") = "BuildingBlocks", "BuildingBlocks\BuildingBlocks.csproj", "{4B41256F-6A48-42D1-B427-927279CC1932}"
EndProject
Project("{2150E333-8FDC-42A3-9474-1A3956D46DE8}") = "Services", "Services", "{02EA681E-C7D8-13C7-8484-4AC65E1B71E8}"
EndProject
Project("{2150E333-8FDC-42A3-9474-1A3956D46DE8}") = "IdentityService", "IdentityService", "{6A567150-79E8-4143-A64C-82BF7563A698}"
EndProject
Project("{2150E333-8FDC-42A3-9474-1A3956D46DE8}") = "NotificationService", "NotificationService", "{F65DADED-8116-4090-9F85-972633BE5A9F}"
EndProject
Project("{2150E333-8FDC-42A3-9474-1A3956D46DE8}") = "Core", "Core", "{8E957917-8DE9-4F64-8CB6-4A8F8396FE2C}"
EndProject
Project("{2150E333-8FDC-42A3-9474-1A3956D46DE8}") = "Infrastructure", "Infrastructure", "{556EF803-2DF5-4CC2-832E-A56739F521F5}"
EndProject
Project("{2150E333-8FDC-42A3-9474-1A3956D46DE8}") = "Presentation", "Presentation", "{87D349BD-BC19-4936-A37F-BEC8C65ED535}"
EndProject
Project("{FAE04EC0-301F-11D3-BF4B-00C04F79EFBC}") = "IdentityService.Application", "Services\IdentityService\Core\IdentityService.Application\IdentityService.Application.csproj", "{61893DC6-CB38-4A54-AABF-6357A6FDC572}"
EndProject
Project("{FAE04EC0-301F-11D3-BF4B-00C04F79EFBC}") = "IdentityService.Domain", "Services\IdentityService\Core\IdentityService.Domain\IdentityService.Domain.csproj", "{814A828D-205E-4E0A-9BAF-C232FFE044CA}"
EndProject
Project("{FAE04EC0-301F-11D3-BF4B-00C04F79EFBC}") = "IdentityService.Infrastructure", "Services\IdentityService\Infrastructure\IdentityService.Infrastructure\IdentityService.Infrastructure.csproj", "{DC60EA1A-3C35-44CA-AB0F-BC25EB514809}"
EndProject
Project("{FAE04EC0-301F-11D3-BF4B-00C04F79EFBC}") = "IdentityService.API", "Services\IdentityService\Presentation\IdentityService.API\IdentityService.API.csproj", "{8D09DF69-267C-498B-ACA3-323D8D10258C}"
EndProject
Project("{2150E333-8FDC-42A3-9474-1A3956D46DE8}") = "Core", "Core", "{B859611D-68E8-4969-9171-BD22638BB347}"
EndProject
Project("{2150E333-8FDC-42A3-9474-1A3956D46DE8}") = "Infrastructure", "Infrastructure", "{2366F7F0-66F1-4133-B16A-3B2EE54A7532}"
EndProject
Project("{2150E333-8FDC-42A3-9474-1A3956D46DE8}") = "Presentation", "Presentation", "{F0DCF27D-B766-4FB8-8724-A9937586824F}"
EndProject
Project("{FAE04EC0-301F-11D3-BF4B-00C04F79EFBC}") = "NotificationService.Application", "Services\NotificationService\Core\NotificationService.Application\NotificationService.Application.csproj", "{C4B18BAE-A902-4705-88F2-DE0D3C193800}"
EndProject
Project("{FAE04EC0-301F-11D3-BF4B-00C04F79EFBC}") = "NotificationService.Domain", "Services\NotificationService\Core\NotificationService.Domain\NotificationService.Domain.csproj", "{08DCC5EE-E4C3-40C4-B0EC-999D52F42EA2}"
EndProject
Project("{FAE04EC0-301F-11D3-BF4B-00C04F79EFBC}") = "NotificationService.Infrastructure", "Services\NotificationService\Infrastructure\NotificationService.Infrastructure\NotificationService.Infrastructure.csproj", "{14E1D79E-97DE-44C8-B535-43D2E97AF628}"
EndProject
Project("{FAE04EC0-301F-11D3-BF4B-00C04F79EFBC}") = "NotificationService.API", "Services\NotificationService\Presentation\NotificationService.API\NotificationService.API.csproj", "{1697207A-2CCD-4416-8D91-B2B61DDC3E21}"
EndProject
Global
	GlobalSection(SolutionConfigurationPlatforms) = preSolution
		Debug|Any CPU = Debug|Any CPU
		Debug|x64 = Debug|x64
		Debug|x86 = Debug|x86
		Release|Any CPU = Release|Any CPU
		Release|x64 = Release|x64
		Release|x86 = Release|x86
	EndGlobalSection
	GlobalSection(ProjectConfigurationPlatforms) = postSolution
		{876D4CBA-7B36-4326-8C87-F2351FFE2823}.Debug|Any CPU.ActiveCfg = Debug|Any CPU
		{876D4CBA-7B36-4326-8C87-F2351FFE2823}.Debug|Any CPU.Build.0 = Debug|Any CPU
		{876D4CBA-7B36-4326-8C87-F2351FFE2823}.Debug|x64.ActiveCfg = Debug|Any CPU
		{876D4CBA-7B36-4326-8C87-F2351FFE2823}.Debug|x64.Build.0 = Debug|Any CPU
		{876D4CBA-7B36-4326-8C87-F2351FFE2823}.Debug|x86.ActiveCfg = Debug|Any CPU
		{876D4CBA-7B36-4326-8C87-F2351FFE2823}.Debug|x86.Build.0 = Debug|Any CPU
		{876D4CBA-7B36-4326-8C87-F2351FFE2823}.Release|Any CPU.ActiveCfg = Release|Any CPU
		{876D4CBA-7B36-4326-8C87-F2351FFE2823}.Release|Any CPU.Build.0 = Release|Any CPU
		{876D4CBA-7B36-4326-8C87-F2351FFE2823}.Release|x64.ActiveCfg = Release|Any CPU
		{876D4CBA-7B36-4326-8C87-F2351FFE2823}.Release|x64.Build.0 = Release|Any CPU
		{876D4CBA-7B36-4326-8C87-F2351FFE2823}.Release|x86.ActiveCfg = Release|Any CPU
		{876D4CBA-7B36-4326-8C87-F2351FFE2823}.Release|x86.Build.0 = Release|Any CPU
		{4B41256F-6A48-42D1-B427-927279CC1932}.Debug|Any CPU.ActiveCfg = Debug|Any CPU
		{4B41256F-6A48-42D1-B427-927279CC1932}.Debug|Any CPU.Build.0 = Debug|Any CPU
		{4B41256F-6A48-42D1-B427-927279CC1932}.Debug|x64.ActiveCfg = Debug|Any CPU
		{4B41256F-6A48-42D1-B427-927279CC1932}.Debug|x64.Build.0 = Debug|Any CPU
		{4B41256F-6A48-42D1-B427-927279CC1932}.Debug|x86.ActiveCfg = Debug|Any CPU
		{4B41256F-6A48-42D1-B427-927279CC1932}.Debug|x86.Build.0 = Debug|Any CPU
		{4B41256F-6A48-42D1-B427-927279CC1932}.Release|Any CPU.ActiveCfg = Release|Any CPU
		{4B41256F-6A48-42D1-B427-927279CC1932}.Release|Any CPU.Build.0 = Release|Any CPU
		{4B41256F-6A48-42D1-B427-927279CC1932}.Release|x64.ActiveCfg = Release|Any CPU
		{4B41256F-6A48-42D1-B427-927279CC1932}.Release|x64.Build.0 = Release|Any CPU
		{4B41256F-6A48-42D1-B427-927279CC1932}.Release|x86.ActiveCfg = Release|Any CPU
		{4B41256F-6A48-42D1-B427-927279CC1932}.Release|x86.Build.0 = Release|Any CPU
		{61893DC6-CB38-4A54-AABF-6357A6FDC572}.Debug|Any CPU.ActiveCfg = Debug|Any CPU
		{61893DC6-CB38-4A54-AABF-6357A6FDC572}.Debug|Any CPU.Build.0 = Debug|Any CPU
		{61893DC6-CB38-4A54-AABF-6357A6FDC572}.Debug|x64.ActiveCfg = Debug|Any CPU
		{61893DC6-CB38-4A54-AABF-6357A6FDC572}.Debug|x64.Build.0 = Debug|Any CPU
		{61893DC6-CB38-4A54-AABF-6357A6FDC572}.Debug|x86.ActiveCfg = Debug|Any CPU
		{61893DC6-CB38-4A54-AABF-6357A6FDC572}.Debug|x86.Build.0 = Debug|Any CPU
		{61893DC6-CB38-4A54-AABF-6357A6FDC572}.Release|Any CPU.ActiveCfg = Release|Any CPU
		{61893DC6-CB38-4A54-AABF-6357A6FDC572}.Release|Any CPU.Build.0 = Release|Any CPU
		{61893DC6-CB38-4A54-AABF-6357A6FDC572}.Release|x64.ActiveCfg = Release|Any CPU
		{61893DC6-CB38-4A54-AABF-6357A6FDC572}.Release|x64.Build.0 = Release|Any CPU
		{61893DC6-CB38-4A54-AABF-6357A6FDC572}.Release|x86.ActiveCfg = Release|Any CPU
		{61893DC6-CB38-4A54-AABF-6357A6FDC572}.Release|x86.Build.0 = Release|Any CPU
		{814A828D-205E-4E0A-9BAF-C232FFE044CA}.Debug|Any CPU.ActiveCfg = Debug|Any CPU
		{814A828D-205E-4E0A-9BAF-C232FFE044CA}.Debug|Any CPU.Build.0 = Debug|Any CPU
		{814A828D-205E-4E0A-9BAF-C232FFE044CA}.Debug|x64.ActiveCfg = Debug|Any CPU
		{814A828D-205E-4E0A-9BAF-C232FFE044CA}.Debug|x64.Build.0 = Debug|Any CPU
		{814A828D-205E-4E0A-9BAF-C232FFE044CA}.Debug|x86.ActiveCfg = Debug|Any CPU
		{814A828D-205E-4E0A-9BAF-C232FFE044CA}.Debug|x86.Build.0 = Debug|Any CPU
		{814A828D-205E-4E0A-9BAF-C232FFE044CA}.Release|Any CPU.ActiveCfg = Release|Any CPU
		{814A828D-205E-4E0A-9BAF-C232FFE044CA}.Release|Any CPU.Build.0 = Release|Any CPU
		{814A828D-205E-4E0A-9BAF-C232FFE044CA}.Release|x64.ActiveCfg = Release|Any CPU
		{814A828D-205E-4E0A-9BAF-C232FFE044CA}.Release|x64.Build.0 = Release|Any CPU
		{814A828D-205E-4E0A-9BAF-C232FFE044CA}.Release|x86.ActiveCfg = Release|Any CPU
		{814A828D-205E-4E0A-9BAF-C232FFE044CA}.Release|x86.Build.0 = Release|Any CPU
		{DC60EA1A-3C35-44CA-AB0F-BC25EB514809}.Debug|Any CPU.ActiveCfg = Debug|Any CPU
		{DC60EA1A-3C35-44CA-AB0F-BC25EB514809}.Debug|Any CPU.Build.0 = Debug|Any CPU
		{DC60EA1A-3C35-44CA-AB0F-BC25EB514809}.Debug|x64.ActiveCfg = Debug|Any CPU
		{DC60EA1A-3C35-44CA-AB0F-BC25EB514809}.Debug|x64.Build.0 = Debug|Any CPU
		{DC60EA1A-3C35-44CA-AB0F-BC25EB514809}.Debug|x86.ActiveCfg = Debug|Any CPU
		{DC60EA1A-3C35-44CA-AB0F-BC25EB514809}.Debug|x86.Build.0 = Debug|Any CPU
		{DC60EA1A-3C35-44CA-AB0F-BC25EB514809}.Release|Any CPU.ActiveCfg = Release|Any CPU
		{DC60EA1A-3C35-44CA-AB0F-BC25EB514809}.Release|Any CPU.Build.0 = Release|Any CPU
		{DC60EA1A-3C35-44CA-AB0F-BC25EB514809}.Release|x64.ActiveCfg = Release|Any CPU
		{DC60EA1A-3C35-44CA-AB0F-BC25EB514809}.Release|x64.Build.0 = Release|Any CPU
		{DC60EA1A-3C35-44CA-AB0F-BC25EB514809}.Release|x86.ActiveCfg = Release|Any CPU
		{DC60EA1A-3C35-44CA-AB0F-BC25EB514809}.Release|x86.Build.0 = Release|Any CPU
		{8D09DF69-267C-498B-ACA3-323D8D10258C}.Debug|Any CPU.ActiveCfg = Debug|Any CPU
		{8D09DF69-267C-498B-ACA3-323D8D10258C}.Debug|Any CPU.Build.0 = Debug|Any CPU
		{8D09DF69-267C-498B-ACA3-323D8D10258C}.Debug|x64.ActiveCfg = Debug|Any CPU
		{8D09DF69-267C-498B-ACA3-323D8D10258C}.Debug|x64.Build.0 = Debug|Any CPU
		{8D09DF69-267C-498B-ACA3-323D8D10258C}.Debug|x86.ActiveCfg = Debug|Any CPU
		{8D09DF69-267C-498B-ACA3-323D8D10258C}.Debug|x86.Build.0 = Debug|Any CPU
		{8D09DF69-267C-498B-ACA3-323D8D10258C}.Release|Any CPU.ActiveCfg = Release|Any CPU
		{8D09DF69-267C-498B-ACA3-323D8D10258C}.Release|Any CPU.Build.0 = Release|Any CPU
		{8D09DF69-267C-498B-ACA3-323D8D10258C}.Release|x64.ActiveCfg = Release|Any CPU
		{8D09DF69-267C-498B-ACA3-323D8D10258C}.Release|x64.Build.0 = Release|Any CPU
		{8D09DF69-267C-498B-ACA3-323D8D10258C}.Release|x86.ActiveCfg = Release|Any CPU
		{8D09DF69-267C-498B-ACA3-323D8D10258C}.Release|x86.Build.0 = Release|Any CPU
		{C4B18BAE-A902-4705-88F2-DE0D3C193800}.Debug|Any CPU.ActiveCfg = Debug|Any CPU
		{C4B18BAE-A902-4705-88F2-DE0D3C193800}.Debug|Any CPU.Build.0 = Debug|Any CPU
		{C4B18BAE-A902-4705-88F2-DE0D3C193800}.Debug|x64.ActiveCfg = Debug|Any CPU
		{C4B18BAE-A902-4705-88F2-DE0D3C193800}.Debug|x64.Build.0 = Debug|Any CPU
		{C4B18BAE-A902-4705-88F2-DE0D3C193800}.Debug|x86.ActiveCfg = Debug|Any CPU
		{C4B18BAE-A902-4705-88F2-DE0D3C193800}.Debug|x86.Build.0 = Debug|Any CPU
		{C4B18BAE-A902-4705-88F2-DE0D3C193800}.Release|Any CPU.ActiveCfg = Release|Any CPU
		{C4B18BAE-A902-4705-88F2-DE0D3C193800}.Release|Any CPU.Build.0 = Release|Any CPU
		{C4B18BAE-A902-4705-88F2-DE0D3C193800}.Release|x64.ActiveCfg = Release|Any CPU
		{C4B18BAE-A902-4705-88F2-DE0D3C193800}.Release|x64.Build.0 = Release|Any CPU
		{C4B18BAE-A902-4705-88F2-DE0D3C193800}.Release|x86.ActiveCfg = Release|Any CPU
		{C4B18BAE-A902-4705-88F2-DE0D3C193800}.Release|x86.Build.0 = Release|Any CPU
		{08DCC5EE-E4C3-40C4-B0EC-999D52F42EA2}.Debug|Any CPU.ActiveCfg = Debug|Any CPU
		{08DCC5EE-E4C3-40C4-B0EC-999D52F42EA2}.Debug|Any CPU.Build.0 = Debug|Any CPU
		{08DCC5EE-E4C3-40C4-B0EC-999D52F42EA2}.Debug|x64.ActiveCfg = Debug|Any CPU
		{08DCC5EE-E4C3-40C4-B0EC-999D52F42EA2}.Debug|x64.Build.0 = Debug|Any CPU
		{08DCC5EE-E4C3-40C4-B0EC-999D52F42EA2}.Debug|x86.ActiveCfg = Debug|Any CPU
		{08DCC5EE-E4C3-40C4-B0EC-999D52F42EA2}.Debug|x86.Build.0 = Debug|Any CPU
		{08DCC5EE-E4C3-40C4-B0EC-999D52F42EA2}.Release|Any CPU.ActiveCfg = Release|Any CPU
		{08DCC5EE-E4C3-40C4-B0EC-999D52F42EA2}.Release|Any CPU.Build.0 = Release|Any CPU
		{08DCC5EE-E4C3-40C4-B0EC-999D52F42EA2}.Release|x64.ActiveCfg = Release|Any CPU
		{08DCC5EE-E4C3-40C4-B0EC-999D52F42EA2}.Release|x64.Build.0 = Release|Any CPU
		{08DCC5EE-E4C3-40C4-B0EC-999D52F42EA2}.Release|x86.ActiveCfg = Release|Any CPU
		{08DCC5EE-E4C3-40C4-B0EC-999D52F42EA2}.Release|x86.Build.0 = Release|Any CPU
		{14E1D79E-97DE-44C8-B535-43D2E97AF628}.Debug|Any CPU.ActiveCfg = Debug|Any CPU
		{14E1D79E-97DE-44C8-B535-43D2E97AF628}.Debug|Any CPU.Build.0 = Debug|Any CPU
		{14E1D79E-97DE-44C8-B535-43D2E97AF628}.Debug|x64.ActiveCfg = Debug|Any CPU
		{14E1D79E-97DE-44C8-B535-43D2E97AF628}.Debug|x64.Build.0 = Debug|Any CPU
		{14E1D79E-97DE-44C8-B535-43D2E97AF628}.Debug|x86.ActiveCfg = Debug|Any CPU
		{14E1D79E-97DE-44C8-B535-43D2E97AF628}.Debug|x86.Build.0 = Debug|Any CPU
		{14E1D79E-97DE-44C8-B535-43D2E97AF628}.Release|Any CPU.ActiveCfg = Release|Any CPU
		{14E1D79E-97DE-44C8-B535-43D2E97AF628}.Release|Any CPU.Build.0 = Release|Any CPU
		{14E1D79E-97DE-44C8-B535-43D2E97AF628}.Release|x64.ActiveCfg = Release|Any CPU
		{14E1D79E-97DE-44C8-B535-43D2E97AF628}.Release|x64.Build.0 = Release|Any CPU
		{14E1D79E-97DE-44C8-B535-43D2E97AF628}.Release|x86.ActiveCfg = Release|Any CPU
		{14E1D79E-97DE-44C8-B535-43D2E97AF628}.Release|x86.Build.0 = Release|Any CPU
		{1697207A-2CCD-4416-8D91-B2B61DDC3E21}.Debug|Any CPU.ActiveCfg = Debug|Any CPU
		{1697207A-2CCD-4416-8D91-B2B61DDC3E21}.Debug|Any CPU.Build.0 = Debug|Any CPU
		{1697207A-2CCD-4416-8D91-B2B61DDC3E21}.Debug|x64.ActiveCfg = Debug|Any CPU
		{1697207A-2CCD-4416-8D91-B2B61DDC3E21}.Debug|x64.Build.0 = Debug|Any CPU
		{1697207A-2CCD-4416-8D91-B2B61DDC3E21}.Debug|x86.ActiveCfg = Debug|Any CPU
		{1697207A-2CCD-4416-8D91-B2B61DDC3E21}.Debug|x86.Build.0 = Debug|Any CPU
		{1697207A-2CCD-4416-8D91-B2B61DDC3E21}.Release|Any CPU.ActiveCfg = Release|Any CPU
		{1697207A-2CCD-4416-8D91-B2B61DDC3E21}.Release|Any CPU.Build.0 = Release|Any CPU
		{1697207A-2CCD-4416-8D91-B2B61DDC3E21}.Release|x64.ActiveCfg = Release|Any CPU
		{1697207A-2CCD-4416-8D91-B2B61DDC3E21}.Release|x64.Build.0 = Release|Any CPU
		{1697207A-2CCD-4416-8D91-B2B61DDC3E21}.Release|x86.ActiveCfg = Release|Any CPU
		{1697207A-2CCD-4416-8D91-B2B61DDC3E21}.Release|x86.Build.0 = Release|Any CPU
	EndGlobalSection
	GlobalSection(SolutionProperties) = preSolution
		HideSolutionNode = FALSE
	EndGlobalSection
	GlobalSection(NestedProjects) = preSolution
		{6A567150-79E8-4143-A64C-82BF7563A698} = {02EA681E-C7D8-13C7-8484-4AC65E1B71E8}
		{F65DADED-8116-4090-9F85-972633BE5A9F} = {02EA681E-C7D8-13C7-8484-4AC65E1B71E8}
		{8E957917-8DE9-4F64-8CB6-4A8F8396FE2C} = {6A567150-79E8-4143-A64C-82BF7563A698}
		{556EF803-2DF5-4CC2-832E-A56739F521F5} = {6A567150-79E8-4143-A64C-82BF7563A698}
		{87D349BD-BC19-4936-A37F-BEC8C65ED535} = {6A567150-79E8-4143-A64C-82BF7563A698}
		{61893DC6-CB38-4A54-AABF-6357A6FDC572} = {8E957917-8DE9-4F64-8CB6-4A8F8396FE2C}
		{814A828D-205E-4E0A-9BAF-C232FFE044CA} = {8E957917-8DE9-4F64-8CB6-4A8F8396FE2C}
		{DC60EA1A-3C35-44CA-AB0F-BC25EB514809} = {556EF803-2DF5-4CC2-832E-A56739F521F5}
		{8D09DF69-267C-498B-ACA3-323D8D10258C} = {87D349BD-BC19-4936-A37F-BEC8C65ED535}
		{B859611D-68E8-4969-9171-BD22638BB347} = {F65DADED-8116-4090-9F85-972633BE5A9F}
		{2366F7F0-66F1-4133-B16A-3B2EE54A7532} = {F65DADED-8116-4090-9F85-972633BE5A9F}
		{F0DCF27D-B766-4FB8-8724-A9937586824F} = {F65DADED-8116-4090-9F85-972633BE5A9F}
		{C4B18BAE-A902-4705-88F2-DE0D3C193800} = {B859611D-68E8-4969-9171-BD22638BB347}
		{08DCC5EE-E4C3-40C4-B0EC-999D52F42EA2} = {B859611D-68E8-4969-9171-BD22638BB347}
		{14E1D79E-97DE-44C8-B535-43D2E97AF628} = {2366F7F0-66F1-4133-B16A-3B2EE54A7532}
		{1697207A-2CCD-4416-8D91-B2B61DDC3E21} = {F0DCF27D-B766-4FB8-8724-A9937586824F}
	EndGlobalSection
	GlobalSection(ExtensibilityGlobals) = postSolution
		SolutionGuid = {AD55166E-2EB3-4754-914A-472A4366EE53}
	EndGlobalSection
EndGlobal
